Microsoft Visual Studio Solution File, Format Version 12.00
# Visual Studio 15
Project("{8BC9CEB8-8B4A-11D0-8D11-00A0C91BC942}") = "ALL_BUILD", "ALL_BUILD.vcxproj", "{9C9716BC-EF66-31A3-A280-45C881F0DC3A}"
	ProjectSection(ProjectDependencies) = postProject
		{86EC8FF1-826A-34F8-B8B9-9148C4EE3DAF} = {86EC8FF1-826A-34F8-B8B9-9148C4EE3DAF}
		{C92B5069-F03E-3410-9C2E-AD6D3D4F7ECB} = {C92B5069-F03E-3410-9C2E-AD6D3D4F7ECB}
		{F8E63C00-596A-321E-8996-0A1682876596} = {F8E63C00-596A-321E-8996-0A1682876596}
		{F17DF037-08C2-3057-AB78-4A8D772ABB9C} = {F17DF037-08C2-3057-AB78-4A8D772ABB9C}
		{2CB210EC-714A-3C42-921E-2859848EC85F} = {2CB210EC-714A-3C42-921E-2859848EC85F}
		{7E013E41-0A97-388B-A8AC-A3994D39DA2B} = {7E013E41-0A97-388B-A8AC-A3994D39DA2B}
		{9BFCB1DB-A98D-3BFA-955D-4617F0E6EB2D} = {9BFCB1DB-A98D-3BFA-955D-4617F0E6EB2D}
		{CDACFDB3-542C-3788-ADB9-9D18700165AA} = {CDACFDB3-542C-3788-ADB9-9D18700165AA}
		{D0E4C5F0-8D89-344A-A9AF-6F958F85AF6A} = {D0E4C5F0-8D89-344A-A9AF-6F958F85AF6A}
		{2727A96F-BA50-3C43-BCEA-954D616E80BA} = {2727A96F-BA50-3C43-BCEA-954D616E80BA}
		{A2C02045-0A32-36E9-B9BD-416F053DC075} = {A2C02045-0A32-36E9-B9BD-416F053DC075}
	EndProjectSection
EndProject
Project("{8BC9CEB8-8B4A-11D0-8D11-00A0C91BC942}") = "ANTTWEAKBAR_116_OGLCORE_GLFW", "external\ANTTWEAKBAR_116_OGLCORE_GLFW.vcxproj", "{86EC8FF1-826A-34F8-B8B9-9148C4EE3DAF}"
	ProjectSection(ProjectDependencies) = postProject
		{D0E4C5F0-8D89-344A-A9AF-6F958F85AF6A} = {D0E4C5F0-8D89-344A-A9AF-6F958F85AF6A}
	EndProjectSection
EndProject
Project("{8BC9CEB8-8B4A-11D0-8D11-00A0C91BC942}") = "BulletCollision", "external\bullet-2.81-rev2613\src\BulletCollision\BulletCollision.vcxproj", "{C92B5069-F03E-3410-9C2E-AD6D3D4F7ECB}"
	ProjectSection(ProjectDependencies) = postProject
		{D0E4C5F0-8D89-344A-A9AF-6F958F85AF6A} = {D0E4C5F0-8D89-344A-A9AF-6F958F85AF6A}
	EndProjectSection
EndProject
Project("{8BC9CEB8-8B4A-11D0-8D11-00A0C91BC942}") = "BulletDynamics", "external\bullet-2.81-rev2613\src\BulletDynamics\BulletDynamics.vcxproj", "{F8E63C00-596A-321E-8996-0A1682876596}"
	ProjectSection(ProjectDependencies) = postProject
		{D0E4C5F0-8D89-344A-A9AF-6F958F85AF6A} = {D0E4C5F0-8D89-344A-A9AF-6F958F85AF6A}
	EndProjectSection
EndProject
Project("{8BC9CEB8-8B4A-11D0-8D11-00A0C91BC942}") = "BulletSoftBody", "external\bullet-2.81-rev2613\src\BulletSoftBody\BulletSoftBody.vcxproj", "{F17DF037-08C2-3057-AB78-4A8D772ABB9C}"
	ProjectSection(ProjectDependencies) = postProject
		{D0E4C5F0-8D89-344A-A9AF-6F958F85AF6A} = {D0E4C5F0-8D89-344A-A9AF-6F958F85AF6A}
	EndProjectSection
EndProject
Project("{8BC9CEB8-8B4A-11D0-8D11-00A0C91BC942}") = "GLEW_190", "external\GLEW_190.vcxproj", "{2CB210EC-714A-3C42-921E-2859848EC85F}"
	ProjectSection(ProjectDependencies) = postProject
		{D0E4C5F0-8D89-344A-A9AF-6F958F85AF6A} = {D0E4C5F0-8D89-344A-A9AF-6F958F85AF6A}
	EndProjectSection
EndProject
Project("{8BC9CEB8-8B4A-11D0-8D11-00A0C91BC942}") = "GLFW_276", "external\GLFW_276.vcxproj", "{7E013E41-0A97-388B-A8AC-A3994D39DA2B}"
	ProjectSection(ProjectDependencies) = postProject
		{D0E4C5F0-8D89-344A-A9AF-6F958F85AF6A} = {D0E4C5F0-8D89-344A-A9AF-6F958F85AF6A}
	EndProjectSection
EndProject
Project("{8BC9CEB8-8B4A-11D0-8D11-00A0C91BC942}") = "Game", "Game.vcxproj", "{9BFCB1DB-A98D-3BFA-955D-4617F0E6EB2D}"
	ProjectSection(ProjectDependencies) = postProject
		{2CB210EC-714A-3C42-921E-2859848EC85F} = {2CB210EC-714A-3C42-921E-2859848EC85F}
		{7E013E41-0A97-388B-A8AC-A3994D39DA2B} = {7E013E41-0A97-388B-A8AC-A3994D39DA2B}
		{D0E4C5F0-8D89-344A-A9AF-6F958F85AF6A} = {D0E4C5F0-8D89-344A-A9AF-6F958F85AF6A}
	EndProjectSection
EndProject
Project("{8BC9CEB8-8B4A-11D0-8D11-00A0C91BC942}") = "INSTALL", "INSTALL.vcxproj", "{600E4AFB-F79C-3C78-A3AF-0045E6340A01}"
	ProjectSection(ProjectDependencies) = postProject
		{9C9716BC-EF66-31A3-A280-45C881F0DC3A} = {9C9716BC-EF66-31A3-A280-45C881F0DC3A}
		{D0E4C5F0-8D89-344A-A9AF-6F958F85AF6A} = {D0E4C5F0-8D89-344A-A9AF-6F958F85AF6A}
	EndProjectSection
EndProject
Project("{8BC9CEB8-8B4A-11D0-8D11-00A0C91BC942}") = "LinearMath", "external\bullet-2.81-rev2613\src\LinearMath\LinearMath.vcxproj", "{CDACFDB3-542C-3788-ADB9-9D18700165AA}"
	ProjectSection(ProjectDependencies) = postProject
		{D0E4C5F0-8D89-344A-A9AF-6F958F85AF6A} = {D0E4C5F0-8D89-344A-A9AF-6F958F85AF6A}
	EndProjectSection
EndProject
Project("{8BC9CEB8-8B4A-11D0-8D11-00A0C91BC942}") = "ZERO_CHECK", "ZERO_CHECK.vcxproj", "{D0E4C5F0-8D89-344A-A9AF-6F958F85AF6A}"
	ProjectSection(ProjectDependencies) = postProject
	EndProjectSection
EndProject
Project("{8BC9CEB8-8B4A-11D0-8D11-00A0C91BC942}") = "assimp", "external\assimp-3.0.1270\code\assimp.vcxproj", "{2727A96F-BA50-3C43-BCEA-954D616E80BA}"
	ProjectSection(ProjectDependencies) = postProject
		{D0E4C5F0-8D89-344A-A9AF-6F958F85AF6A} = {D0E4C5F0-8D89-344A-A9AF-6F958F85AF6A}
		{A2C02045-0A32-36E9-B9BD-416F053DC075} = {A2C02045-0A32-36E9-B9BD-416F053DC075}
	EndProjectSection
EndProject
Project("{8BC9CEB8-8B4A-11D0-8D11-00A0C91BC942}") = "zlib", "external\assimp-3.0.1270\contrib\zlib\zlib.vcxproj", "{A2C02045-0A32-36E9-B9BD-416F053DC075}"
	ProjectSection(ProjectDependencies) = postProject
		{D0E4C5F0-8D89-344A-A9AF-6F958F85AF6A} = {D0E4C5F0-8D89-344A-A9AF-6F958F85AF6A}
	EndProjectSection
EndProject
Global
	GlobalSection(SolutionConfigurationPlatforms) = preSolution
		Debug|x64 = Debug|x64
		Release|x64 = Release|x64
		MinSizeRel|x64 = MinSizeRel|x64
		RelWithDebInfo|x64 = RelWithDebInfo|x64
	EndGlobalSection
	GlobalSection(ProjectConfigurationPlatforms) = postSolution
		{9C9716BC-EF66-31A3-A280-45C881F0DC3A}.Debug|x64.ActiveCfg = Debug|x64
		{9C9716BC-EF66-31A3-A280-45C881F0DC3A}.Debug|x64.Build.0 = Debug|x64
		{9C9716BC-EF66-31A3-A280-45C881F0DC3A}.Release|x64.ActiveCfg = Release|x64
		{9C9716BC-EF66-31A3-A280-45C881F0DC3A}.Release|x64.Build.0 = Release|x64
		{9C9716BC-EF66-31A3-A280-45C881F0DC3A}.MinSizeRel|x64.ActiveCfg = MinSizeRel|x64
		{9C9716BC-EF66-31A3-A280-45C881F0DC3A}.MinSizeRel|x64.Build.0 = MinSizeRel|x64
		{9C9716BC-EF66-31A3-A280-45C881F0DC3A}.RelWithDebInfo|x64.ActiveCfg = RelWithDebInfo|x64
		{9C9716BC-EF66-31A3-A280-45C881F0DC3A}.RelWithDebInfo|x64.Build.0 = RelWithDebInfo|x64
		{86EC8FF1-826A-34F8-B8B9-9148C4EE3DAF}.Debug|x64.ActiveCfg = Debug|x64
		{86EC8FF1-826A-34F8-B8B9-9148C4EE3DAF}.Debug|x64.Build.0 = Debug|x64
		{86EC8FF1-826A-34F8-B8B9-9148C4EE3DAF}.Release|x64.ActiveCfg = Release|x64
		{86EC8FF1-826A-34F8-B8B9-9148C4EE3DAF}.Release|x64.Build.0 = Release|x64
		{86EC8FF1-826A-34F8-B8B9-9148C4EE3DAF}.MinSizeRel|x64.ActiveCfg = MinSizeRel|x64
		{86EC8FF1-826A-34F8-B8B9-9148C4EE3DAF}.MinSizeRel|x64.Build.0 = MinSizeRel|x64
		{86EC8FF1-826A-34F8-B8B9-9148C4EE3DAF}.RelWithDebInfo|x64.ActiveCfg = RelWithDebInfo|x64
		{86EC8FF1-826A-34F8-B8B9-9148C4EE3DAF}.RelWithDebInfo|x64.Build.0 = RelWithDebInfo|x64
		{C92B5069-F03E-3410-9C2E-AD6D3D4F7ECB}.Debug|x64.ActiveCfg = Debug|x64
		{C92B5069-F03E-3410-9C2E-AD6D3D4F7ECB}.Debug|x64.Build.0 = Debug|x64
		{C92B5069-F03E-3410-9C2E-AD6D3D4F7ECB}.Release|x64.ActiveCfg = Release|x64
		{C92B5069-F03E-3410-9C2E-AD6D3D4F7ECB}.Release|x64.Build.0 = Release|x64
		{C92B5069-F03E-3410-9C2E-AD6D3D4F7ECB}.MinSizeRel|x64.ActiveCfg = MinSizeRel|x64
		{C92B5069-F03E-3410-9C2E-AD6D3D4F7ECB}.MinSizeRel|x64.Build.0 = MinSizeRel|x64
		{C92B5069-F03E-3410-9C2E-AD6D3D4F7ECB}.RelWithDebInfo|x64.ActiveCfg = RelWithDebInfo|x64
		{C92B5069-F03E-3410-9C2E-AD6D3D4F7ECB}.RelWithDebInfo|x64.Build.0 = RelWithDebInfo|x64
		{F8E63C00-596A-321E-8996-0A1682876596}.Debug|x64.ActiveCfg = Debug|x64
		{F8E63C00-596A-321E-8996-0A1682876596}.Debug|x64.Build.0 = Debug|x64
		{F8E63C00-596A-321E-8996-0A1682876596}.Release|x64.ActiveCfg = Release|x64
		{F8E63C00-596A-321E-8996-0A1682876596}.Release|x64.Build.0 = Release|x64
		{F8E63C00-596A-321E-8996-0A1682876596}.MinSizeRel|x64.ActiveCfg = MinSizeRel|x64
		{F8E63C00-596A-321E-8996-0A1682876596}.MinSizeRel|x64.Build.0 = MinSizeRel|x64
		{F8E63C00-596A-321E-8996-0A1682876596}.RelWithDebInfo|x64.ActiveCfg = RelWithDebInfo|x64
		{F8E63C00-596A-321E-8996-0A1682876596}.RelWithDebInfo|x64.Build.0 = RelWithDebInfo|x64
		{F17DF037-08C2-3057-AB78-4A8D772ABB9C}.Debug|x64.ActiveCfg = Debug|x64
		{F17DF037-08C2-3057-AB78-4A8D772ABB9C}.Debug|x64.Build.0 = Debug|x64
		{F17DF037-08C2-3057-AB78-4A8D772ABB9C}.Release|x64.ActiveCfg = Release|x64
		{F17DF037-08C2-3057-AB78-4A8D772ABB9C}.Release|x64.Build.0 = Release|x64
		{F17DF037-08C2-3057-AB78-4A8D772ABB9C}.MinSizeRel|x64.ActiveCfg = MinSizeRel|x64
		{F17DF037-08C2-3057-AB78-4A8D772ABB9C}.MinSizeRel|x64.Build.0 = MinSizeRel|x64
		{F17DF037-08C2-3057-AB78-4A8D772ABB9C}.RelWithDebInfo|x64.ActiveCfg = RelWithDebInfo|x64
		{F17DF037-08C2-3057-AB78-4A8D772ABB9C}.RelWithDebInfo|x64.Build.0 = RelWithDebInfo|x64
		{2CB210EC-714A-3C42-921E-2859848EC85F}.Debug|x64.ActiveCfg = Debug|x64
		{2CB210EC-714A-3C42-921E-2859848EC85F}.Debug|x64.Build.0 = Debug|x64
		{2CB210EC-714A-3C42-921E-2859848EC85F}.Release|x64.ActiveCfg = Release|x64
		{2CB210EC-714A-3C42-921E-2859848EC85F}.Release|x64.Build.0 = Release|x64
		{2CB210EC-714A-3C42-921E-2859848EC85F}.MinSizeRel|x64.ActiveCfg = MinSizeRel|x64
		{2CB210EC-714A-3C42-921E-2859848EC85F}.MinSizeRel|x64.Build.0 = MinSizeRel|x64
		{2CB210EC-714A-3C42-921E-2859848EC85F}.RelWithDebInfo|x64.ActiveCfg = RelWithDebInfo|x64
		{2CB210EC-714A-3C42-921E-2859848EC85F}.RelWithDebInfo|x64.Build.0 = RelWithDebInfo|x64
		{7E013E41-0A97-388B-A8AC-A3994D39DA2B}.Debug|x64.ActiveCfg = Debug|x64
		{7E013E41-0A97-388B-A8AC-A3994D39DA2B}.Debug|x64.Build.0 = Debug|x64
		{7E013E41-0A97-388B-A8AC-A3994D39DA2B}.Release|x64.ActiveCfg = Release|x64
		{7E013E41-0A97-388B-A8AC-A3994D39DA2B}.Release|x64.Build.0 = Release|x64
		{7E013E41-0A97-388B-A8AC-A3994D39DA2B}.MinSizeRel|x64.ActiveCfg = MinSizeRel|x64
		{7E013E41-0A97-388B-A8AC-A3994D39DA2B}.MinSizeRel|x64.Build.0 = MinSizeRel|x64
		{7E013E41-0A97-388B-A8AC-A3994D39DA2B}.RelWithDebInfo|x64.ActiveCfg = RelWithDebInfo|x64
		{7E013E41-0A97-388B-A8AC-A3994D39DA2B}.RelWithDebInfo|x64.Build.0 = RelWithDebInfo|x64
		{9BFCB1DB-A98D-3BFA-955D-4617F0E6EB2D}.Debug|x64.ActiveCfg = Debug|x64
		{9BFCB1DB-A98D-3BFA-955D-4617F0E6EB2D}.Debug|x64.Build.0 = Debug|x64
		{9BFCB1DB-A98D-3BFA-955D-4617F0E6EB2D}.Release|x64.ActiveCfg = Release|x64
		{9BFCB1DB-A98D-3BFA-955D-4617F0E6EB2D}.Release|x64.Build.0 = Release|x64
		{9BFCB1DB-A98D-3BFA-955D-4617F0E6EB2D}.MinSizeRel|x64.ActiveCfg = MinSizeRel|x64
		{9BFCB1DB-A98D-3BFA-955D-4617F0E6EB2D}.MinSizeRel|x64.Build.0 = MinSizeRel|x64
		{9BFCB1DB-A98D-3BFA-955D-4617F0E6EB2D}.RelWithDebInfo|x64.ActiveCfg = RelWithDebInfo|x64
		{9BFCB1DB-A98D-3BFA-955D-4617F0E6EB2D}.RelWithDebInfo|x64.Build.0 = RelWithDebInfo|x64
		{600E4AFB-F79C-3C78-A3AF-0045E6340A01}.Debug|x64.ActiveCfg = Debug|x64
		{600E4AFB-F79C-3C78-A3AF-0045E6340A01}.Release|x64.ActiveCfg = Release|x64
		{600E4AFB-F79C-3C78-A3AF-0045E6340A01}.MinSizeRel|x64.ActiveCfg = MinSizeRel|x64
		{600E4AFB-F79C-3C78-A3AF-0045E6340A01}.RelWithDebInfo|x64.ActiveCfg = RelWithDebInfo|x64
		{CDACFDB3-542C-3788-ADB9-9D18700165AA}.Debug|x64.ActiveCfg = Debug|x64
		{CDACFDB3-542C-3788-ADB9-9D18700165AA}.Debug|x64.Build.0 = Debug|x64
		{CDACFDB3-542C-3788-ADB9-9D18700165AA}.Release|x64.ActiveCfg = Release|x64
		{CDACFDB3-542C-3788-ADB9-9D18700165AA}.Release|x64.Build.0 = Release|x64
		{CDACFDB3-542C-3788-ADB9-9D18700165AA}.MinSizeRel|x64.ActiveCfg = MinSizeRel|x64
		{CDACFDB3-542C-3788-ADB9-9D18700165AA}.MinSizeRel|x64.Build.0 = MinSizeRel|x64
		{CDACFDB3-542C-3788-ADB9-9D18700165AA}.RelWithDebInfo|x64.ActiveCfg = RelWithDebInfo|x64
		{CDACFDB3-542C-3788-ADB9-9D18700165AA}.RelWithDebInfo|x64.Build.0 = RelWithDebInfo|x64
		{D0E4C5F0-8D89-344A-A9AF-6F958F85AF6A}.Debug|x64.ActiveCfg = Debug|x64
		{D0E4C5F0-8D89-344A-A9AF-6F958F85AF6A}.Debug|x64.Build.0 = Debug|x64
		{D0E4C5F0-8D89-344A-A9AF-6F958F85AF6A}.Release|x64.ActiveCfg = Release|x64
		{D0E4C5F0-8D89-344A-A9AF-6F958F85AF6A}.Release|x64.Build.0 = Release|x64
		{D0E4C5F0-8D89-344A-A9AF-6F958F85AF6A}.MinSizeRel|x64.ActiveCfg = MinSizeRel|x64
		{D0E4C5F0-8D89-344A-A9AF-6F958F85AF6A}.MinSizeRel|x64.Build.0 = MinSizeRel|x64
		{D0E4C5F0-8D89-344A-A9AF-6F958F85AF6A}.RelWithDebInfo|x64.ActiveCfg = RelWithDebInfo|x64
		{D0E4C5F0-8D89-344A-A9AF-6F958F85AF6A}.RelWithDebInfo|x64.Build.0 = RelWithDebInfo|x64
		{2727A96F-BA50-3C43-BCEA-954D616E80BA}.Debug|x64.ActiveCfg = Debug|x64
		{2727A96F-BA50-3C43-BCEA-954D616E80BA}.Debug|x64.Build.0 = Debug|x64
		{2727A96F-BA50-3C43-BCEA-954D616E80BA}.Release|x64.ActiveCfg = Release|x64
		{2727A96F-BA50-3C43-BCEA-954D616E80BA}.Release|x64.Build.0 = Release|x64
		{2727A96F-BA50-3C43-BCEA-954D616E80BA}.MinSizeRel|x64.ActiveCfg = MinSizeRel|x64
		{2727A96F-BA50-3C43-BCEA-954D616E80BA}.MinSizeRel|x64.Build.0 = MinSizeRel|x64
		{2727A96F-BA50-3C43-BCEA-954D616E80BA}.RelWithDebInfo|x64.ActiveCfg = RelWithDebInfo|x64
		{2727A96F-BA50-3C43-BCEA-954D616E80BA}.RelWithDebInfo|x64.Build.0 = RelWithDebInfo|x64
		{A2C02045-0A32-36E9-B9BD-416F053DC075}.Debug|x64.ActiveCfg = Debug|x64
		{A2C02045-0A32-36E9-B9BD-416F053DC075}.Debug|x64.Build.0 = Debug|x64
		{A2C02045-0A32-36E9-B9BD-416F053DC075}.Release|x64.ActiveCfg = Release|x64
		{A2C02045-0A32-36E9-B9BD-416F053DC075}.Release|x64.Build.0 = Release|x64
		{A2C02045-0A32-36E9-B9BD-416F053DC075}.MinSizeRel|x64.ActiveCfg = MinSizeRel|x64
		{A2C02045-0A32-36E9-B9BD-416F053DC075}.MinSizeRel|x64.Build.0 = MinSizeRel|x64
		{A2C02045-0A32-36E9-B9BD-416F053DC075}.RelWithDebInfo|x64.ActiveCfg = RelWithDebInfo|x64
		{A2C02045-0A32-36E9-B9BD-416F053DC075}.RelWithDebInfo|x64.Build.0 = RelWithDebInfo|x64
	EndGlobalSection
	GlobalSection(ExtensibilityGlobals) = postSolution
		SolutionGuid = {675F2959-2486-3F75-85A5-FA8F0E2D2A93}
	EndGlobalSection
	GlobalSection(ExtensibilityAddIns) = postSolution
	EndGlobalSection
EndGlobal
